
Microsoft Visual Studio Solution File, Format Version 12.00
# Visual Studio Version 16
VisualStudioVersion = 16.0.29709.97
MinimumVisualStudioVersion = 10.0.40219.1
Project("{FAE04EC0-301F-11D3-BF4B-00C04F79EFBC}") = "kursovik", "kursovik.csproj", "{1B017CCE-98D3-49FB-9332-5A07205316D3}"
EndProject
Global
	GlobalSection(SolutionConfigurationPlatforms) = preSolution
		Debug|Any CPU = Debug|Any CPU
		Release|Any CPU = Release|Any CPU
	EndGlobalSection
	GlobalSection(ProjectConfigurationPlatforms) = postSolution
		{1B017CCE-98D3-49FB-9332-5A07205316D3}.Debug|Any CPU.ActiveCfg = Debug|Any CPU
		{1B017CCE-98D3-49FB-9332-5A07205316D3}.Debug|Any CPU.Build.0 = Debug|Any CPU
		{1B017CCE-98D3-49FB-9332-5A07205316D3}.Release|Any CPU.ActiveCfg = Release|Any CPU
		{1B017CCE-98D3-49FB-9332-5A07205316D3}.Release|Any CPU.Build.0 = Release|Any CPU
	EndGlobalSection
	GlobalSection(SolutionProperties) = preSolution
		HideSolutionNode = FALSE
	EndGlobalSection
	GlobalSection(ExtensibilityGlobals) = postSolution
		SolutionGuid = {63FDD922-DD02-4E13-AC72-FD7D60DAFFA3}
	EndGlobalSection
EndGlobal
